{
  "version": 4,
  "terraform_version": "1.5.4",
  "serial": 9,
  "lineage": "71a4a107-1de7-a25d-f2b4-ff42db7a9ad7",
  "outputs": {},
  "resources": [
    {
      "mode": "managed",
      "type": "aws_ssm_parameter",
      "name": "this",
      "provider": "provider[\"registry.terraform.io/hashicorp/aws\"]",
      "instances": [
        {
          "schema_version": 0,
          "attributes": {
            "allowed_pattern": "",
            "arn": "arn:aws:ssm:us-east-1:046354001990:parameter/dev/www",
            "data_type": "text",
            "description": "",
            "id": "/dev/www",
            "insecure_value": null,
            "key_id": "",
            "name": "/dev/www",
            "overwrite": null,
            "tags": {
              "Env": "dev"
            },
            "tags_all": {
              "Env": "dev"
            },
            "tier": "Standard",
            "type": "String",
            "value": "www.dev.imokhonko.com",
            "version": 1
          },
          "sensitive_attributes": [],
          "private": "bnVsbA=="
        }
      ]
    }
  ],
  "check_results": null
}
